
Microsoft Visual Studio Solution File, Format Version 12.00
# Visual Studio Version 17
VisualStudioVersion = 17.1.32328.378
MinimumVisualStudioVersion = 10.0.40219.1
Project("{FAE04EC0-301F-11D3-BF4B-00C04F79EFBC}") = "Exercico1", "Exercico1.csproj", "{32B7B237-9ECE-476E-87BD-41FA96D87E8F}"
EndProject
Global
	GlobalSection(SolutionConfigurationPlatforms) = preSolution
		Debug|Any CPU = Debug|Any CPU
		Release|Any CPU = Release|Any CPU
	EndGlobalSection
	GlobalSection(ProjectConfigurationPlatforms) = postSolution
		{32B7B237-9ECE-476E-87BD-41FA96D87E8F}.Debug|Any CPU.ActiveCfg = Debug|Any CPU
		{32B7B237-9ECE-476E-87BD-41FA96D87E8F}.Debug|Any CPU.Build.0 = Debug|Any CPU
		{32B7B237-9ECE-476E-87BD-41FA96D87E8F}.Release|Any CPU.ActiveCfg = Release|Any CPU
		{32B7B237-9ECE-476E-87BD-41FA96D87E8F}.Release|Any CPU.Build.0 = Release|Any CPU
	EndGlobalSection
	GlobalSection(SolutionProperties) = preSolution
		HideSolutionNode = FALSE
	EndGlobalSection
	GlobalSection(ExtensibilityGlobals) = postSolution
		SolutionGuid = {F22B69B5-3C25-4D6D-B764-AEED03DA3092}
	EndGlobalSection
EndGlobal
